
Microsoft Visual Studio Solution File, Format Version 12.00
# Visual Studio Version 16
VisualStudioVersion = 16.0.30907.101
MinimumVisualStudioVersion = 10.0.40219.1
Project("{8BC9CEB8-8B4A-11D0-8D11-00A0C91BC942}") = "project_monitoring", "project_monitoring.vcxproj", "{015B33C8-E65B-44CD-BC33-C93A26B645CC}"
EndProject
Global
	GlobalSection(SolutionConfigurationPlatforms) = preSolution
		Debug|x64 = Debug|x64
		Debug|x86 = Debug|x86
		Release|x64 = Release|x64
		Release|x86 = Release|x86
	EndGlobalSection
	GlobalSection(ProjectConfigurationPlatforms) = postSolution
		{015B33C8-E65B-44CD-BC33-C93A26B645CC}.Debug|x64.ActiveCfg = Debug|x64
		{015B33C8-E65B-44CD-BC33-C93A26B645CC}.Debug|x64.Build.0 = Debug|x64
		{015B33C8-E65B-44CD-BC33-C93A26B645CC}.Debug|x86.ActiveCfg = Debug|Win32
		{015B33C8-E65B-44CD-BC33-C93A26B645CC}.Debug|x86.Build.0 = Debug|Win32
		{015B33C8-E65B-44CD-BC33-C93A26B645CC}.Release|x64.ActiveCfg = Release|x64
		{015B33C8-E65B-44CD-BC33-C93A26B645CC}.Release|x64.Build.0 = Release|x64
		{015B33C8-E65B-44CD-BC33-C93A26B645CC}.Release|x86.ActiveCfg = Release|Win32
		{015B33C8-E65B-44CD-BC33-C93A26B645CC}.Release|x86.Build.0 = Release|Win32
	EndGlobalSection
	GlobalSection(SolutionProperties) = preSolution
		HideSolutionNode = FALSE
	EndGlobalSection
	GlobalSection(ExtensibilityGlobals) = postSolution
		SolutionGuid = {922E97EE-1765-49E1-B48B-CDBAD5F137E3}
	EndGlobalSection
EndGlobal
